
Microsoft Visual Studio Solution File, Format Version 12.00
# Visual Studio Version 16
VisualStudioVersion = 16.0.28803.202
MinimumVisualStudioVersion = 10.0.40219.1
Project("{FAE04EC0-301F-11D3-BF4B-00C04F79EFBC}") = "WinForm", "WinForm\WinForm.csproj", "{A57520CD-1EDF-493B-95B9-B394A756CE40}"
EndProject
Global
	GlobalSection(SolutionConfigurationPlatforms) = preSolution
		Debug|Any CPU = Debug|Any CPU
		Release|Any CPU = Release|Any CPU
	EndGlobalSection
	GlobalSection(ProjectConfigurationPlatforms) = postSolution
		{A57520CD-1EDF-493B-95B9-B394A756CE40}.Debug|Any CPU.ActiveCfg = Debug|Any CPU
		{A57520CD-1EDF-493B-95B9-B394A756CE40}.Debug|Any CPU.Build.0 = Debug|Any CPU
		{A57520CD-1EDF-493B-95B9-B394A756CE40}.Release|Any CPU.ActiveCfg = Release|Any CPU
		{A57520CD-1EDF-493B-95B9-B394A756CE40}.Release|Any CPU.Build.0 = Release|Any CPU
	EndGlobalSection
	GlobalSection(SolutionProperties) = preSolution
		HideSolutionNode = FALSE
	EndGlobalSection
	GlobalSection(ExtensibilityGlobals) = postSolution
		SolutionGuid = {14177E76-5EB4-4D15-971A-33EC3DCD062F}
	EndGlobalSection
EndGlobal
